github.com/lemuzhi/open-api v0.0.0-20230323084356-06d152822bbe h1:eqLQoSWVaJUjU+5u/eNCWCY6iqpXwtH1qWCfxVJ1ljs=
github.com/lemuzhi/open-api v0.0.0-20230323084356-06d152822bbe/go.mod h1:euLNazK7aDt/LfANOAJnbk/exOu5nHoTAxDoC8Fitfc=
github.com/lemuzhi/open-api v0.0.0-20230323090328-c2fc3dd001b8 h1:Lk22VJXb9qTuX6jy1uE8ImkaM08XqYrb46C4DpFrF+c=
github.com/lemuzhi/open-api v0.0.0-20230323090328-c2fc3dd001b8/go.mod h1:euLNazK7aDt/LfANOAJnbk/exOu5nHoTAxDoC8Fitfc=
